
Microsoft Visual Studio Solution File, Format Version 12.00
# Visual Studio Version 17
VisualStudioVersion = 17.0.32014.148
MinimumVisualStudioVersion = 10.0.40219.1
Project("{2150E333-8FDC-42A3-9474-1A3956D46DE8}") = "Services", "Services", "{FA2DDACE-668D-4704-97DB-6288C675F26D}"
EndProject
Project("{2150E333-8FDC-42A3-9474-1A3956D46DE8}") = "Catalog", "Catalog", "{9131279E-8335-4D41-954B-3DAA60F5BE01}"
EndProject
Project("{9A19103F-16F7-4668-BE54-9A1E7A4F7556}") = "Catalog.API", "Services\Catalog\Catalog.API\Catalog.API.csproj", "{7C12CBF2-91FC-4CA6-AF4A-41BCA0126308}"
EndProject
Project("{E53339B2-1760-4266-BCC7-CA923CBCF16C}") = "docker-compose", "docker-compose.dcproj", "{93FE41DB-48C0-43F9-B055-02EEDC060ACD}"
EndProject
Project("{2150E333-8FDC-42A3-9474-1A3956D46DE8}") = "Basket", "Basket", "{02C69CF5-0A55-43F9-89B8-B63E3BD1DEA6}"
EndProject
Project("{9A19103F-16F7-4668-BE54-9A1E7A4F7556}") = "Basket.API", "Services\Basket\Basket.API\Basket.API.csproj", "{855DB6B8-5A4D-4209-8256-2F300FF5DFA0}"
EndProject
Project("{2150E333-8FDC-42A3-9474-1A3956D46DE8}") = "Discount", "Discount", "{E0ADF212-C055-4C19-9B7D-DA8D686F2CF1}"
EndProject
Project("{9A19103F-16F7-4668-BE54-9A1E7A4F7556}") = "Discount.API", "Services\Discount\Discount.API\Discount.API.csproj", "{64B1C7FD-837B-4880-8D65-7BB20D33B6EC}"
EndProject
Project("{9A19103F-16F7-4668-BE54-9A1E7A4F7556}") = "Discount.Grpc", "Services\Discount\Discount.Grpc\Discount.Grpc.csproj", "{797CD74A-A414-4523-88DE-D98871A8B692}"
EndProject
Global
	GlobalSection(SolutionConfigurationPlatforms) = preSolution
		Debug|Any CPU = Debug|Any CPU
		Release|Any CPU = Release|Any CPU
	EndGlobalSection
	GlobalSection(ProjectConfigurationPlatforms) = postSolution
		{7C12CBF2-91FC-4CA6-AF4A-41BCA0126308}.Debug|Any CPU.ActiveCfg = Debug|Any CPU
		{7C12CBF2-91FC-4CA6-AF4A-41BCA0126308}.Debug|Any CPU.Build.0 = Debug|Any CPU
		{7C12CBF2-91FC-4CA6-AF4A-41BCA0126308}.Release|Any CPU.ActiveCfg = Release|Any CPU
		{7C12CBF2-91FC-4CA6-AF4A-41BCA0126308}.Release|Any CPU.Build.0 = Release|Any CPU
		{93FE41DB-48C0-43F9-B055-02EEDC060ACD}.Debug|Any CPU.ActiveCfg = Debug|Any CPU
		{93FE41DB-48C0-43F9-B055-02EEDC060ACD}.Debug|Any CPU.Build.0 = Debug|Any CPU
		{93FE41DB-48C0-43F9-B055-02EEDC060ACD}.Release|Any CPU.ActiveCfg = Release|Any CPU
		{93FE41DB-48C0-43F9-B055-02EEDC060ACD}.Release|Any CPU.Build.0 = Release|Any CPU
		{855DB6B8-5A4D-4209-8256-2F300FF5DFA0}.Debug|Any CPU.ActiveCfg = Debug|Any CPU
		{855DB6B8-5A4D-4209-8256-2F300FF5DFA0}.Debug|Any CPU.Build.0 = Debug|Any CPU
		{855DB6B8-5A4D-4209-8256-2F300FF5DFA0}.Release|Any CPU.ActiveCfg = Release|Any CPU
		{855DB6B8-5A4D-4209-8256-2F300FF5DFA0}.Release|Any CPU.Build.0 = Release|Any CPU
		{64B1C7FD-837B-4880-8D65-7BB20D33B6EC}.Debug|Any CPU.ActiveCfg = Debug|Any CPU
		{64B1C7FD-837B-4880-8D65-7BB20D33B6EC}.Debug|Any CPU.Build.0 = Debug|Any CPU
		{64B1C7FD-837B-4880-8D65-7BB20D33B6EC}.Release|Any CPU.ActiveCfg = Release|Any CPU
		{64B1C7FD-837B-4880-8D65-7BB20D33B6EC}.Release|Any CPU.Build.0 = Release|Any CPU
		{797CD74A-A414-4523-88DE-D98871A8B692}.Debug|Any CPU.ActiveCfg = Debug|Any CPU
		{797CD74A-A414-4523-88DE-D98871A8B692}.Debug|Any CPU.Build.0 = Debug|Any CPU
		{797CD74A-A414-4523-88DE-D98871A8B692}.Release|Any CPU.ActiveCfg = Release|Any CPU
		{797CD74A-A414-4523-88DE-D98871A8B692}.Release|Any CPU.Build.0 = Release|Any CPU
	EndGlobalSection
	GlobalSection(SolutionProperties) = preSolution
		HideSolutionNode = FALSE
	EndGlobalSection
	GlobalSection(NestedProjects) = preSolution
		{9131279E-8335-4D41-954B-3DAA60F5BE01} = {FA2DDACE-668D-4704-97DB-6288C675F26D}
		{7C12CBF2-91FC-4CA6-AF4A-41BCA0126308} = {9131279E-8335-4D41-954B-3DAA60F5BE01}
		{02C69CF5-0A55-43F9-89B8-B63E3BD1DEA6} = {FA2DDACE-668D-4704-97DB-6288C675F26D}
		{855DB6B8-5A4D-4209-8256-2F300FF5DFA0} = {02C69CF5-0A55-43F9-89B8-B63E3BD1DEA6}
		{E0ADF212-C055-4C19-9B7D-DA8D686F2CF1} = {FA2DDACE-668D-4704-97DB-6288C675F26D}
		{64B1C7FD-837B-4880-8D65-7BB20D33B6EC} = {E0ADF212-C055-4C19-9B7D-DA8D686F2CF1}
		{797CD74A-A414-4523-88DE-D98871A8B692} = {E0ADF212-C055-4C19-9B7D-DA8D686F2CF1}
	EndGlobalSection
	GlobalSection(ExtensibilityGlobals) = postSolution
		SolutionGuid = {183B9928-5C0A-4D33-8A3E-234FF95A22E9}
	EndGlobalSection
EndGlobal
